# THIS IS AN AUTOGENERATED FILE. DO NOT EDIT THIS FILE DIRECTLY.
# yarn lockfile v1


"@benchristel/taste@0.5.0":
  version "0.5.0"
  resolved "https://registry.yarnpkg.com/@benchristel/taste/-/taste-0.5.0.tgz#c595e9937cede23feaec3081f7333e6c766073c2"
  integrity sha512-xr0QL76NohYOMG94O1Tr9N4piH3SzVztznbbZyUDZRZjivcqqUqVyBuQV/KvNUUg4dbntlMEAkidMLB9whHTIg==

"@esbuild/android-arm@0.15.10":
  version "0.15.10"
  resolved "https://registry.yarnpkg.com/@esbuild/android-arm/-/android-arm-0.15.10.tgz#a5f9432eb221afc243c321058ef25fe899886892"
  integrity sha512-FNONeQPy/ox+5NBkcSbYJxoXj9GWu8gVGJTVmUyoOCKQFDTrHVKgNSzChdNt0I8Aj/iKcsDf2r9BFwv+FSNUXg==

"@esbuild/linux-loong64@0.15.10":
  version "0.15.10"
  resolved "https://registry.yarnpkg.com/@esbuild/linux-loong64/-/linux-loong64-0.15.10.tgz#78a42897c2cf8db9fd5f1811f7590393b77774c7"
  integrity sha512-w0Ou3Z83LOYEkwaui2M8VwIp+nLi/NA60lBLMvaJ+vXVMcsARYdEzLNE7RSm4+lSg4zq4d7fAVuzk7PNQ5JFgg==

"@rollup/plugin-inject@^4.0.4":
  version "4.0.4"
  resolved "https://registry.yarnpkg.com/@rollup/plugin-inject/-/plugin-inject-4.0.4.tgz#fbeee66e9a700782c4f65c8b0edbafe58678fbc2"
  integrity sha512-4pbcU4J/nS+zuHk+c+OL3WtmEQhqxlZ9uqfjQMQDOHOPld7PsCd8k5LWs8h5wjwJN7MgnAn768F2sDxEP4eNFQ==
  dependencies:
    "@rollup/pluginutils" "^3.1.0"
    estree-walker "^2.0.1"
    magic-string "^0.25.7"

"@rollup/pluginutils@^3.1.0":
  version "3.1.0"
  resolved "https://registry.yarnpkg.com/@rollup/pluginutils/-/pluginutils-3.1.0.tgz#706b4524ee6dc8b103b3c995533e5ad680c02b9b"
  integrity sha512-GksZ6pr6TpIjHm8h9lSQ8pi8BE9VeubNT0OMJ3B5uZJ8pz73NPiqOtCog/x2/QzM1ENChPKxMDhiQuRHsqc+lg==
  dependencies:
    "@types/estree" "0.0.39"
    estree-walker "^1.0.1"
    picomatch "^2.2.2"

"@types/estree@0.0.39":
  version "0.0.39"
  resolved "https://registry.yarnpkg.com/@types/estree/-/estree-0.0.39.tgz#e177e699ee1b8c22d23174caaa7422644389509f"
  integrity sha512-EYNwp3bU+98cpU4lAWYYL7Zz+2gryWH1qbdDTidVd6hkiR6weksdbMadyXKXNPEkQFhXM+hVO9ZygomHXp+AIw==

ansi-styles@^4.1.0:
  version "4.3.0"
  resolved "https://registry.yarnpkg.com/ansi-styles/-/ansi-styles-4.3.0.tgz#edd803628ae71c04c85ae7a0906edad34b648937"
  integrity sha512-zbB9rCJAT1rbjiVDb2hqKFHNYLxgtk8NURxZ3IZwD3F6NtxbXZQCnnSi1Lkx+IDohdPlFp222wVALIheZJQSEg==
  dependencies:
    color-convert "^2.0.1"

async@^2.6.4:
  version "2.6.4"
  resolved "https://registry.yarnpkg.com/async/-/async-2.6.4.tgz#706b7ff6084664cd7eae713f6f965433b5504221"
  integrity sha512-mzo5dfJYwAn29PeiJ0zvwTo04zj8HDJj0Mn8TD7sno7q12prdbnasKJHhkm2c1LgrhlJ0teaea8860oxi51mGA==
  dependencies:
    lodash "^4.17.14"

basic-auth@^2.0.1:
  version "2.0.1"
  resolved "https://registry.yarnpkg.com/basic-auth/-/basic-auth-2.0.1.tgz#b998279bf47ce38344b4f3cf916d4679bbf51e3a"
  integrity sha512-NF+epuEdnUYVlGuhaxbbq+dvJttwLnGY+YixlXlME5KpQ5W3CnXA5cVTneY3SPbPDRkcjMbifrwmFYcClgOZeg==
  dependencies:
    safe-buffer "5.1.2"

call-bind@^1.0.0:
  version "1.0.2"
  resolved "https://registry.yarnpkg.com/call-bind/-/call-bind-1.0.2.tgz#b1d4e89e688119c3c9a903ad30abb2f6a919be3c"
  integrity sha512-7O+FbCihrB5WGbFYesctwmTKae6rOiIzmz1icreWJ+0aA7LJfuqhEso2T9ncpcFtzMQtzXf2QGGueWJGTYsqrA==
  dependencies:
    function-bind "^1.1.1"
    get-intrinsic "^1.0.2"

chalk@^4.1.2:
  version "4.1.2"
  resolved "https://registry.yarnpkg.com/chalk/-/chalk-4.1.2.tgz#aac4e2b7734a740867aeb16bf02aad556a1e7a01"
  integrity sha512-oKnbhFyRIXpUuez8iBMmyEa4nbj4IOQyuhc/wy9kY7/WVPcwIO9VA668Pu8RkO7+0G76SLROeyw9CpQ061i4mA==
  dependencies:
    ansi-styles "^4.1.0"
    supports-color "^7.1.0"

color-convert@^2.0.1:
  version "2.0.1"
  resolved "https://registry.yarnpkg.com/color-convert/-/color-convert-2.0.1.tgz#72d3a68d598c9bdb3af2ad1e84f21d896abd4de3"
  integrity sha512-RRECPsj7iu/xb5oKYcsFHSppFNnsj/52OVTRKb4zP5onXwVF3zVmmToNcOfGC+CRDpfK/U584fMg38ZHCaElKQ==
  dependencies:
    color-name "~1.1.4"

color-name@~1.1.4:
  version "1.1.4"
  resolved "https://registry.yarnpkg.com/color-name/-/color-name-1.1.4.tgz#c2a09a87acbde69543de6f63fa3995c826c536a2"
  integrity sha512-dOy+3AuW3a2wNbZHIuMZpTcgjGuLU/uBL/ubcZF9OXbDo8ff4O8yVp5Bf0efS8uEoYo5q4Fx7dY9OgQGXgAsQA==

corser@^2.0.1:
  version "2.0.1"
  resolved "https://registry.yarnpkg.com/corser/-/corser-2.0.1.tgz#8eda252ecaab5840dcd975ceb90d9370c819ff87"
  integrity sha512-utCYNzRSQIZNPIcGZdQc92UVJYAhtGAteCFg0yRaFm8f0P+CPtyGyHXJcGXnffjCybUCEx3FQ2G7U3/o9eIkVQ==

debug@^3.2.7:
  version "3.2.7"
  resolved "https://registry.yarnpkg.com/debug/-/debug-3.2.7.tgz#72580b7e9145fb39b6676f9c5e5fb100b934179a"
  integrity sha512-CFjzYYAi4ThfiQvizrFQevTTXHtnCqWfe7x1AhgEscTz6ZbLbfoLRLPugTQyBth6f8ZERVUSyWHFD/7Wu4t1XQ==
  dependencies:
    ms "^2.1.1"

esbuild-android-64@0.15.10:
  version "0.15.10"
  resolved "https://registry.yarnpkg.com/esbuild-android-64/-/esbuild-android-64-0.15.10.tgz#8a59a84acbf2eca96996cadc35642cf055c494f0"
  integrity sha512-UI7krF8OYO1N7JYTgLT9ML5j4+45ra3amLZKx7LO3lmLt1Ibn8t3aZbX5Pu4BjWiqDuJ3m/hsvhPhK/5Y/YpnA==

esbuild-android-arm64@0.15.10:
  version "0.15.10"
  resolved "https://registry.yarnpkg.com/esbuild-android-arm64/-/esbuild-android-arm64-0.15.10.tgz#f453851dc1d8c5409a38cf7613a33852faf4915d"
  integrity sha512-EOt55D6xBk5O05AK8brXUbZmoFj4chM8u3riGflLa6ziEoVvNjRdD7Cnp82NHQGfSHgYR06XsPI8/sMuA/cUwg==

esbuild-darwin-64@0.15.10:
  version "0.15.10"
  resolved "https://registry.yarnpkg.com/esbuild-darwin-64/-/esbuild-darwin-64-0.15.10.tgz#778bd29c8186ff47b176c8af58c08cf0fb8e6b86"
  integrity sha512-hbDJugTicqIm+WKZgp208d7FcXcaK8j2c0l+fqSJ3d2AzQAfjEYDRM3Z2oMeqSJ9uFxyj/muSACLdix7oTstRA==

esbuild-darwin-arm64@0.15.10:
  version "0.15.10"
  resolved "https://registry.yarnpkg.com/esbuild-darwin-arm64/-/esbuild-darwin-arm64-0.15.10.tgz#b30bbefb46dc3c5d4708b0435e52f6456578d6df"
  integrity sha512-M1t5+Kj4IgSbYmunf2BB6EKLkWUq+XlqaFRiGOk8bmBapu9bCDrxjf4kUnWn59Dka3I27EiuHBKd1rSO4osLFQ==

esbuild-freebsd-64@0.15.10:
  version "0.15.10"
  resolved "https://registry.yarnpkg.com/esbuild-freebsd-64/-/esbuild-freebsd-64-0.15.10.tgz#ab301c5f6ded5110dbdd611140bef1a7c2e99236"
  integrity sha512-KMBFMa7C8oc97nqDdoZwtDBX7gfpolkk6Bcmj6YFMrtCMVgoU/x2DI1p74DmYl7CSS6Ppa3xgemrLrr5IjIn0w==

esbuild-freebsd-arm64@0.15.10:
  version "0.15.10"
  resolved "https://registry.yarnpkg.com/esbuild-freebsd-arm64/-/esbuild-freebsd-arm64-0.15.10.tgz#a5b09b867a6ff49110f52343b6f12265db63d43f"
  integrity sha512-m2KNbuCX13yQqLlbSojFMHpewbn8wW5uDS6DxRpmaZKzyq8Dbsku6hHvh2U+BcLwWY4mpgXzFUoENEf7IcioGg==

esbuild-linux-32@0.15.10:
  version "0.15.10"
  resolved "https://registry.yarnpkg.com/esbuild-linux-32/-/esbuild-linux-32-0.15.10.tgz#5282fe9915641caf9c8070e4ba2c3e16d358f837"
  integrity sha512-guXrwSYFAvNkuQ39FNeV4sNkNms1bLlA5vF1H0cazZBOLdLFIny6BhT+TUbK/hdByMQhtWQ5jI9VAmPKbVPu1w==

esbuild-linux-64@0.15.10:
  version "0.15.10"
  resolved "https://registry.yarnpkg.com/esbuild-linux-64/-/esbuild-linux-64-0.15.10.tgz#f3726e85a00149580cb19f8abfabcbb96f5d52bb"
  integrity sha512-jd8XfaSJeucMpD63YNMO1JCrdJhckHWcMv6O233bL4l6ogQKQOxBYSRP/XLWP+6kVTu0obXovuckJDcA0DKtQA==

esbuild-linux-arm64@0.15.10:
  version "0.15.10"
  resolved "https://registry.yarnpkg.com/esbuild-linux-arm64/-/esbuild-linux-arm64-0.15.10.tgz#2f0056e9d5286edb0185b56655caa8c574d8dbe7"
  integrity sha512-GByBi4fgkvZFTHFDYNftu1DQ1GzR23jws0oWyCfhnI7eMOe+wgwWrc78dbNk709Ivdr/evefm2PJiUBMiusS1A==

esbuild-linux-arm@0.15.10:
  version "0.15.10"
  resolved "https://registry.yarnpkg.com/esbuild-linux-arm/-/esbuild-linux-arm-0.15.10.tgz#40a9270da3c8ffa32cf72e24a79883e323dff08d"
  integrity sha512-6N8vThLL/Lysy9y4Ex8XoLQAlbZKUyExCWyayGi2KgTBelKpPgj6RZnUaKri0dHNPGgReJriKVU6+KDGQwn10A==

esbuild-linux-mips64le@0.15.10:
  version "0.15.10"
  resolved "https://registry.yarnpkg.com/esbuild-linux-mips64le/-/esbuild-linux-mips64le-0.15.10.tgz#90ce1c4ee0202edb4ac69807dea77f7e5804abc4"
  integrity sha512-BxP+LbaGVGIdQNJUNF7qpYjEGWb0YyHVSKqYKrn+pTwH/SiHUxFyJYSP3pqkku61olQiSBnSmWZ+YUpj78Tw7Q==

esbuild-linux-ppc64le@0.15.10:
  version "0.15.10"
  resolved "https://registry.yarnpkg.com/esbuild-linux-ppc64le/-/esbuild-linux-ppc64le-0.15.10.tgz#782837ae7bd5b279178106c9dd801755a21fabdf"
  integrity sha512-LoSQCd6498PmninNgqd/BR7z3Bsk/mabImBWuQ4wQgmQEeanzWd5BQU2aNi9mBURCLgyheuZS6Xhrw5luw3OkQ==

esbuild-linux-riscv64@0.15.10:
  version "0.15.10"
  resolved "https://registry.yarnpkg.com/esbuild-linux-riscv64/-/esbuild-linux-riscv64-0.15.10.tgz#d7420d806ece5174f24f4634303146f915ab4207"
  integrity sha512-Lrl9Cr2YROvPV4wmZ1/g48httE8z/5SCiXIyebiB5N8VT7pX3t6meI7TQVHw/wQpqP/AF4SksDuFImPTM7Z32Q==

esbuild-linux-s390x@0.15.10:
  version "0.15.10"
  resolved "https://registry.yarnpkg.com/esbuild-linux-s390x/-/esbuild-linux-s390x-0.15.10.tgz#21fdf0cb3494a7fb520a71934e4dffce67fe47be"
  integrity sha512-ReP+6q3eLVVP2lpRrvl5EodKX7EZ1bS1/z5j6hsluAlZP5aHhk6ghT6Cq3IANvvDdscMMCB4QEbI+AjtvoOFpA==

esbuild-netbsd-64@0.15.10:
  version "0.15.10"
  resolved "https://registry.yarnpkg.com/esbuild-netbsd-64/-/esbuild-netbsd-64-0.15.10.tgz#6c06b3107e3df53de381e6299184d4597db0440f"
  integrity sha512-iGDYtJCMCqldMskQ4eIV+QSS/CuT7xyy9i2/FjpKvxAuCzrESZXiA1L64YNj6/afuzfBe9i8m/uDkFHy257hTw==

esbuild-openbsd-64@0.15.10:
  version "0.15.10"
  resolved "https://registry.yarnpkg.com/esbuild-openbsd-64/-/esbuild-openbsd-64-0.15.10.tgz#4daef5f5d8e74bbda53b65160029445d582570cf"
  integrity sha512-ftMMIwHWrnrYnvuJQRJs/Smlcb28F9ICGde/P3FUTCgDDM0N7WA0o9uOR38f5Xe2/OhNCgkjNeb7QeaE3cyWkQ==

esbuild-sunos-64@0.15.10:
  version "0.15.10"
  resolved "https://registry.yarnpkg.com/esbuild-sunos-64/-/esbuild-sunos-64-0.15.10.tgz#5fe7bef267a02f322fd249a8214d0274937388a7"
  integrity sha512-mf7hBL9Uo2gcy2r3rUFMjVpTaGpFJJE5QTDDqUFf1632FxteYANffDZmKbqX0PfeQ2XjUDE604IcE7OJeoHiyg==

esbuild-windows-32@0.15.10:
  version "0.15.10"
  resolved "https://registry.yarnpkg.com/esbuild-windows-32/-/esbuild-windows-32-0.15.10.tgz#48e3dde25ab0135579a288b30ab6ddef6d1f0b28"
  integrity sha512-ttFVo+Cg8b5+qHmZHbEc8Vl17kCleHhLzgT8X04y8zudEApo0PxPg9Mz8Z2cKH1bCYlve1XL8LkyXGFjtUYeGg==

esbuild-windows-64@0.15.10:
  version "0.15.10"
  resolved "https://registry.yarnpkg.com/esbuild-windows-64/-/esbuild-windows-64-0.15.10.tgz#387a9515bef3fee502d277a5d0a2db49a4ecda05"
  integrity sha512-2H0gdsyHi5x+8lbng3hLbxDWR7mKHWh5BXZGKVG830KUmXOOWFE2YKJ4tHRkejRduOGDrBvHBriYsGtmTv3ntA==

esbuild-windows-arm64@0.15.10:
  version "0.15.10"
  resolved "https://registry.yarnpkg.com/esbuild-windows-arm64/-/esbuild-windows-arm64-0.15.10.tgz#5a6fcf2fa49e895949bf5495cf088ab1b43ae879"
  integrity sha512-S+th4F+F8VLsHLR0zrUcG+Et4hx0RKgK1eyHc08kztmLOES8BWwMiaGdoW9hiXuzznXQ0I/Fg904MNbr11Nktw==

esbuild@^0.15.6:
  version "0.15.10"
  resolved "https://registry.yarnpkg.com/esbuild/-/esbuild-0.15.10.tgz#85c2f8446e9b1fe04fae68daceacba033eedbd42"
  integrity sha512-N7wBhfJ/E5fzn/SpNgX+oW2RLRjwaL8Y0ezqNqhjD6w0H2p0rDuEz2FKZqpqLnO8DCaWumKe8dsC/ljvVSSxng==
  optionalDependencies:
    "@esbuild/android-arm" "0.15.10"
    "@esbuild/linux-loong64" "0.15.10"
    esbuild-android-64 "0.15.10"
    esbuild-android-arm64 "0.15.10"
    esbuild-darwin-64 "0.15.10"
    esbuild-darwin-arm64 "0.15.10"
    esbuild-freebsd-64 "0.15.10"
    esbuild-freebsd-arm64 "0.15.10"
    esbuild-linux-32 "0.15.10"
    esbuild-linux-64 "0.15.10"
    esbuild-linux-arm "0.15.10"
    esbuild-linux-arm64 "0.15.10"
    esbuild-linux-mips64le "0.15.10"
    esbuild-linux-ppc64le "0.15.10"
    esbuild-linux-riscv64 "0.15.10"
    esbuild-linux-s390x "0.15.10"
    esbuild-netbsd-64 "0.15.10"
    esbuild-openbsd-64 "0.15.10"
    esbuild-sunos-64 "0.15.10"
    esbuild-windows-32 "0.15.10"
    esbuild-windows-64 "0.15.10"
    esbuild-windows-arm64 "0.15.10"

estree-walker@^1.0.1:
  version "1.0.1"
  resolved "https://registry.yarnpkg.com/estree-walker/-/estree-walker-1.0.1.tgz#31bc5d612c96b704106b477e6dd5d8aa138cb700"
  integrity sha512-1fMXF3YP4pZZVozF8j/ZLfvnR8NSIljt56UhbZ5PeeDmmGHpgpdwQt7ITlGvYaQukCvuBRMLEiKiYC+oeIg4cg==

estree-walker@^2.0.1:
  version "2.0.2"
  resolved "https://registry.yarnpkg.com/estree-walker/-/estree-walker-2.0.2.tgz#52f010178c2a4c117a7757cfe942adb7d2da4cac"
  integrity sha512-Rfkk/Mp/DL7JVje3u18FxFujQlTNR2q6QfMSMB7AvCBx91NGj/ba3kCfza0f6dVDbw7YlRf/nDrn7pQrCCyQ/w==

eventemitter3@^4.0.0:
  version "4.0.7"
  resolved "https://registry.yarnpkg.com/eventemitter3/-/eventemitter3-4.0.7.tgz#2de9b68f6528d5644ef5c59526a1b4a07306169f"
  integrity sha512-8guHBZCwKnFhYdHr2ysuRWErTwhoN2X8XELRlrRwpmfeY2jjuUN4taQMsULKUVo1K4DvZl+0pgfyoysHxvmvEw==

follow-redirects@^1.0.0:
  version "1.15.3"
  resolved "https://registry.yarnpkg.com/follow-redirects/-/follow-redirects-1.15.3.tgz#fe2f3ef2690afce7e82ed0b44db08165b207123a"
  integrity sha512-1VzOtuEM8pC9SFU1E+8KfTjZyMztRsgEfwQl44z8A25uy13jSzTj6dyK2Df52iV0vgHCfBwLhDWevLn95w5v6Q==

fsevents@~2.3.2:
  version "2.3.2"
  resolved "https://registry.yarnpkg.com/fsevents/-/fsevents-2.3.2.tgz#8a526f78b8fdf4623b709e0b975c52c24c02fd1a"
  integrity sha512-xiqMQR4xAeHTuB9uWm+fFRcIOgKBMiOBP+eXiyT7jsgVCq1bkVygt00oASowB7EdtpOHaaPgKt812P9ab+DDKA==

function-bind@^1.1.1:
  version "1.1.1"
  resolved "https://registry.yarnpkg.com/function-bind/-/function-bind-1.1.1.tgz#a56899d3ea3c9bab874bb9773b7c5ede92f4895d"
  integrity sha512-yIovAzMX49sF8Yl58fSCWJ5svSLuaibPxXQJFLmBObTuCr0Mf1KiPopGM9NiFjiYBCbfaa2Fh6breQ6ANVTI0A==

get-intrinsic@^1.0.2:
  version "1.2.1"
  resolved "https://registry.yarnpkg.com/get-intrinsic/-/get-intrinsic-1.2.1.tgz#d295644fed4505fc9cde952c37ee12b477a83d82"
  integrity sha512-2DcsyfABl+gVHEfCOaTrWgyt+tb6MSEGmKq+kI5HwLbIYgjgmMcV8KQ41uaKz1xxUcn9tJtgFbQUEVcEbd0FYw==
  dependencies:
    function-bind "^1.1.1"
    has "^1.0.3"
    has-proto "^1.0.1"
    has-symbols "^1.0.3"

has-flag@^4.0.0:
  version "4.0.0"
  resolved "https://registry.yarnpkg.com/has-flag/-/has-flag-4.0.0.tgz#944771fd9c81c81265c4d6941860da06bb59479b"
  integrity sha512-EykJT/Q1KjTWctppgIAgfSO0tKVuZUjhgMr17kqTumMl6Afv3EISleU7qZUzoXDFTAHTDC4NOoG/ZxU3EvlMPQ==

has-proto@^1.0.1:
  version "1.0.1"
  resolved "https://registry.yarnpkg.com/has-proto/-/has-proto-1.0.1.tgz#1885c1305538958aff469fef37937c22795408e0"
  integrity sha512-7qE+iP+O+bgF9clE5+UoBFzE65mlBiVj3tKCrlNQ0Ogwm0BjpT/gK4SlLYDMybDh5I3TCTKnPPa0oMG7JDYrhg==

has-symbols@^1.0.3:
  version "1.0.3"
  resolved "https://registry.yarnpkg.com/has-symbols/-/has-symbols-1.0.3.tgz#bb7b2c4349251dce87b125f7bdf874aa7c8b39f8"
  integrity sha512-l3LCuF6MgDNwTDKkdYGEihYjt5pRPbEg46rtlmnSPlUbgmB8LOIrKJbYYFBSbnPaJexMKtiPO8hmeRjRz2Td+A==

has@^1.0.3:
  version "1.0.3"
  resolved "https://registry.yarnpkg.com/has/-/has-1.0.3.tgz#722d7cbfc1f6aa8241f16dd814e011e1f41e8796"
  integrity sha512-f2dvO0VU6Oej7RkWJGrehjbzMAjFp5/VKPp5tTpWIV4JHHZK1/BxbFRtf/siA2SWTe09caDmVtYYzWEIbBS4zw==
  dependencies:
    function-bind "^1.1.1"

he@^1.2.0:
  version "1.2.0"
  resolved "https://registry.yarnpkg.com/he/-/he-1.2.0.tgz#84ae65fa7eafb165fddb61566ae14baf05664f0f"
  integrity sha512-F/1DnUGPopORZi0ni+CvrCgHQ5FyEAHRLSApuYWMmrbSwoN2Mn/7k+Gl38gJnR7yyDZk6WLXwiGod1JOWNDKGw==

html-encoding-sniffer@^3.0.0:
  version "3.0.0"
  resolved "https://registry.yarnpkg.com/html-encoding-sniffer/-/html-encoding-sniffer-3.0.0.tgz#2cb1a8cf0db52414776e5b2a7a04d5dd98158de9"
  integrity sha512-oWv4T4yJ52iKrufjnyZPkrN0CH3QnrUqdB6In1g5Fe1mia8GmF36gnfNySxoZtxD5+NmYw1EElVXiBk93UeskA==
  dependencies:
    whatwg-encoding "^2.0.0"

http-proxy@^1.18.1:
  version "1.18.1"
  resolved "https://registry.yarnpkg.com/http-proxy/-/http-proxy-1.18.1.tgz#401541f0534884bbf95260334e72f88ee3976549"
  integrity sha512-7mz/721AbnJwIVbnaSv1Cz3Am0ZLT/UBwkC92VlxhXv/k/BBQfM2fXElQNC27BVGr0uwUpplYPQM9LnaBMR5NQ==
  dependencies:
    eventemitter3 "^4.0.0"
    follow-redirects "^1.0.0"
    requires-port "^1.0.0"

http-server@^14.1.1:
  version "14.1.1"
  resolved "https://registry.yarnpkg.com/http-server/-/http-server-14.1.1.tgz#d60fbb37d7c2fdff0f0fbff0d0ee6670bd285e2e"
  integrity sha512-+cbxadF40UXd9T01zUHgA+rlo2Bg1Srer4+B4NwIHdaGxAGGv59nYRnGGDJ9LBk7alpS0US+J+bLLdQOOkJq4A==
  dependencies:
    basic-auth "^2.0.1"
    chalk "^4.1.2"
    corser "^2.0.1"
    he "^1.2.0"
    html-encoding-sniffer "^3.0.0"
    http-proxy "^1.18.1"
    mime "^1.6.0"
    minimist "^1.2.6"
    opener "^1.5.1"
    portfinder "^1.0.28"
    secure-compare "3.0.1"
    union "~0.5.0"
    url-join "^4.0.1"

husky@^8.0.1:
  version "8.0.1"
  resolved "https://registry.yarnpkg.com/husky/-/husky-8.0.1.tgz#511cb3e57de3e3190514ae49ed50f6bc3f50b3e9"
  integrity sha512-xs7/chUH/CKdOCs7Zy0Aev9e/dKOMZf3K1Az1nar3tzlv0jfqnYtu235bstsWTmXOR0EfINrPa97yy4Lz6RiKw==

iconv-lite@0.6.3:
  version "0.6.3"
  resolved "https://registry.yarnpkg.com/iconv-lite/-/iconv-lite-0.6.3.tgz#a52f80bf38da1952eb5c681790719871a1a72501"
  integrity sha512-4fCk79wshMdzMp2rH06qWrJE4iolqLhCUH+OiuIgU++RB0+94NlDL81atO7GX55uUKueo0txHNtvEyI6D7WdMw==
  dependencies:
    safer-buffer ">= 2.1.2 < 3.0.0"

is-core-module@^2.9.0:
  version "2.10.0"
  resolved "https://registry.yarnpkg.com/is-core-module/-/is-core-module-2.10.0.tgz#9012ede0a91c69587e647514e1d5277019e728ed"
  integrity sha512-Erxj2n/LDAZ7H8WNJXd9tw38GYM3dv8rk8Zcs+jJuxYTW7sozH+SS8NtrSjVL1/vpLvWi1hxy96IzjJ3EHTJJg==
  dependencies:
    has "^1.0.3"

lodash@^4.17.14:
  version "4.17.21"
  resolved "https://registry.yarnpkg.com/lodash/-/lodash-4.17.21.tgz#679591c564c3bffaae8454cf0b3df370c3d6911c"
  integrity sha512-v2kDEe57lecTulaDIuNTPy3Ry4gLGJ6Z1O3vE1krgXZNrsQ+LFTGHVxVjcXPs17LhbZVGedAJv8XZ1tvj5FvSg==

magic-string@^0.25.7:
  version "0.25.9"
  resolved "https://registry.yarnpkg.com/magic-string/-/magic-string-0.25.9.tgz#de7f9faf91ef8a1c91d02c2e5314c8277dbcdd1c"
  integrity sha512-RmF0AsMzgt25qzqqLc1+MbHmhdx0ojF2Fvs4XnOqz2ZOBXzzkEwc/dJQZCYHAn7v1jbVOjAZfK8msRn4BxO4VQ==
  dependencies:
    sourcemap-codec "^1.4.8"

mime@^1.6.0:
  version "1.6.0"
  resolved "https://registry.yarnpkg.com/mime/-/mime-1.6.0.tgz#32cd9e5c64553bd58d19a568af452acff04981b1"
  integrity sha512-x0Vn8spI+wuJ1O6S7gnbaQg8Pxh4NNHb7KSINmEWKiPE4RKOplvijn+NkmYmmRgP68mc70j2EbeTFRsrswaQeg==

minimist@^1.2.6:
  version "1.2.8"
  resolved "https://registry.yarnpkg.com/minimist/-/minimist-1.2.8.tgz#c1a464e7693302e082a075cee0c057741ac4772c"
  integrity sha512-2yyAR8qBkN3YuheJanUpWC5U3bb5osDywNB8RzDVlDwDHbocAJveqqj1u8+SVD7jkWT4yvsHCpWqqWqAxb0zCA==

mkdirp@^0.5.6:
  version "0.5.6"
  resolved "https://registry.yarnpkg.com/mkdirp/-/mkdirp-0.5.6.tgz#7def03d2432dcae4ba1d611445c48396062255f6"
  integrity sha512-FP+p8RB8OWpF3YZBCrP5gtADmtXApB5AMLn+vdyA+PyxCjrCs00mjyUozssO33cwDeT3wNGdLxJ5M//YqtHAJw==
  dependencies:
    minimist "^1.2.6"

ms@^2.1.1:
  version "2.1.3"
  resolved "https://registry.yarnpkg.com/ms/-/ms-2.1.3.tgz#574c8138ce1d2b5861f0b44579dbadd60c6615b2"
  integrity sha512-6FlzubTLZG3J2a/NVCAleEhjzq5oxgHyaCU9yYXvcLsvoVaHJq/s5xXI6/XXP6tz7R9xAOtHnSO/tXtF3WRTlA==

nanoid@^3.3.4:
  version "3.3.4"
  resolved "https://registry.yarnpkg.com/nanoid/-/nanoid-3.3.4.tgz#730b67e3cd09e2deacf03c027c81c9d9dbc5e8ab"
  integrity sha512-MqBkQh/OHTS2egovRtLk45wEyNXwF+cokD+1YPf9u5VfJiRdAiRwB2froX5Co9Rh20xs4siNPm8naNotSD6RBw==

object-inspect@^1.9.0:
  version "1.12.3"
  resolved "https://registry.yarnpkg.com/object-inspect/-/object-inspect-1.12.3.tgz#ba62dffd67ee256c8c086dfae69e016cd1f198b9"
  integrity sha512-geUvdk7c+eizMNUDkRpW1wJwgfOiOeHbxBR/hLXK1aT6zmVSO0jsQcs7fj6MGw89jC/cjGfLcNOrtMYtGqm81g==

opener@^1.5.1:
  version "1.5.2"
  resolved "https://registry.yarnpkg.com/opener/-/opener-1.5.2.tgz#5d37e1f35077b9dcac4301372271afdeb2a13598"
  integrity sha512-ur5UIdyw5Y7yEj9wLzhqXiy6GZ3Mwx0yGI+5sMn2r0N0v3cKJvUmFH5yPP+WXh9e0xfyzyJX95D8l088DNFj7A==

path-parse@^1.0.7:
  version "1.0.7"
  resolved "https://registry.yarnpkg.com/path-parse/-/path-parse-1.0.7.tgz#fbc114b60ca42b30d9daf5858e4bd68bbedb6735"
  integrity sha512-LDJzPVEEEPR+y48z93A0Ed0yXb8pAByGWo/k5YYdYgpY2/2EsOsksJrq7lOHxryrVOn1ejG6oAp8ahvOIQD8sw==

picocolors@^1.0.0:
  version "1.0.0"
  resolved "https://registry.yarnpkg.com/picocolors/-/picocolors-1.0.0.tgz#cb5bdc74ff3f51892236eaf79d68bc44564ab81c"
  integrity sha512-1fygroTLlHu66zi26VoTDv8yRgm0Fccecssto+MhsZ0D/DGW2sm8E8AjW7NU5VVTRt5GxbeZ5qBuJr+HyLYkjQ==

picomatch@^2.2.2:
  version "2.3.1"
  resolved "https://registry.yarnpkg.com/picomatch/-/picomatch-2.3.1.tgz#3ba3833733646d9d3e4995946c1365a67fb07a42"
  integrity sha512-JU3teHTNjmE2VCGFzuY8EXzCDVwEqB2a8fsIvwaStHhAWJEeVd1o1QD80CU6+ZdEXXSLbSsuLwJjkCBWqRQUVA==

portfinder@^1.0.28:
  version "1.0.32"
  resolved "https://registry.yarnpkg.com/portfinder/-/portfinder-1.0.32.tgz#2fe1b9e58389712429dc2bea5beb2146146c7f81"
  integrity sha512-on2ZJVVDXRADWE6jnQaX0ioEylzgBpQk8r55NE4wjXW1ZxO+BgDlY6DXwj20i0V8eB4SenDQ00WEaxfiIQPcxg==
  dependencies:
    async "^2.6.4"
    debug "^3.2.7"
    mkdirp "^0.5.6"

postcss@^8.4.16:
  version "8.4.17"
  resolved "https://registry.yarnpkg.com/postcss/-/postcss-8.4.17.tgz#f87863ec7cd353f81f7ab2dec5d67d861bbb1be5"
  integrity sha512-UNxNOLQydcOFi41yHNMcKRZ39NeXlr8AxGuZJsdub8vIb12fHzcq37DTU/QtbI6WLxNg2gF9Z+8qtRwTj1UI1Q==
  dependencies:
    nanoid "^3.3.4"
    picocolors "^1.0.0"
    source-map-js "^1.0.2"

preact@^10.11.0:
  version "10.11.0"
  resolved "https://registry.yarnpkg.com/preact/-/preact-10.11.0.tgz#26af45a0613f4e17a197cc39d7a1ea23e09b2532"
  integrity sha512-Fk6+vB2kb6mSJfDgODq0YDhMfl0HNtK5+Uc9QqECO4nlyPAQwCI+BKyWO//idA7ikV7o+0Fm6LQmNuQi1wXI1w==

prettier@^2.7.1:
  version "2.7.1"
  resolved "https://registry.yarnpkg.com/prettier/-/prettier-2.7.1.tgz#e235806850d057f97bb08368a4f7d899f7760c64"
  integrity sha512-ujppO+MkdPqoVINuDFDRLClm7D78qbDt0/NR+wp5FqEZOoTNAjPHWj17QRhu7geIHJfcNhRk1XVQmF8Bp3ye+g==

qs@^6.4.0:
  version "6.11.2"
  resolved "https://registry.yarnpkg.com/qs/-/qs-6.11.2.tgz#64bea51f12c1f5da1bc01496f48ffcff7c69d7d9"
  integrity sha512-tDNIz22aBzCDxLtVH++VnTfzxlfeK5CbqohpSqpJgj1Wg/cQbStNAz3NuqCs5vV+pjBsK4x4pN9HlVh7rcYRiA==
  dependencies:
    side-channel "^1.0.4"

requires-port@^1.0.0:
  version "1.0.0"
  resolved "https://registry.yarnpkg.com/requires-port/-/requires-port-1.0.0.tgz#925d2601d39ac485e091cf0da5c6e694dc3dcaff"
  integrity sha512-KigOCHcocU3XODJxsu8i/j8T9tzT4adHiecwORRQ0ZZFcp7ahwXuRU1m+yuO90C5ZUyGeGfocHDI14M3L3yDAQ==

resolve@^1.22.1:
  version "1.22.1"
  resolved "https://registry.yarnpkg.com/resolve/-/resolve-1.22.1.tgz#27cb2ebb53f91abb49470a928bba7558066ac177"
  integrity sha512-nBpuuYuY5jFsli/JIs1oldw6fOQCBioohqWZg/2hiaOybXOft4lonv85uDOKXdf8rhyK159cxU5cDcK/NKk8zw==
  dependencies:
    is-core-module "^2.9.0"
    path-parse "^1.0.7"
    supports-preserve-symlinks-flag "^1.0.0"

rollup@^2.0.0:
  version "2.79.1"
  resolved "https://registry.yarnpkg.com/rollup/-/rollup-2.79.1.tgz#bedee8faef7c9f93a2647ac0108748f497f081c7"
  integrity sha512-uKxbd0IhMZOhjAiD5oAFp7BqvkA4Dv47qpOCtaNvng4HBwdbWtdOh8f5nZNuk2rp51PMGk3bzfWu5oayNEuYnw==
  optionalDependencies:
    fsevents "~2.3.2"

rollup@~2.78.0:
  version "2.78.1"
  resolved "https://registry.yarnpkg.com/rollup/-/rollup-2.78.1.tgz#52fe3934d9c83cb4f7c4cb5fb75d88591be8648f"
  integrity sha512-VeeCgtGi4P+o9hIg+xz4qQpRl6R401LWEXBmxYKOV4zlF82lyhgh2hTZnheFUbANE8l2A41F458iwj2vEYaXJg==
  optionalDependencies:
    fsevents "~2.3.2"

safe-buffer@5.1.2:
  version "5.1.2"
  resolved "https://registry.yarnpkg.com/safe-buffer/-/safe-buffer-5.1.2.tgz#991ec69d296e0313747d59bdfd2b745c35f8828d"
  integrity sha512-Gd2UZBJDkXlY7GbJxfsE8/nvKkUEU1G38c1siN6QP6a9PT9MmHB8GnpscSmMJSoF8LOIrt8ud/wPtojys4G6+g==

"safer-buffer@>= 2.1.2 < 3.0.0":
  version "2.1.2"
  resolved "https://registry.yarnpkg.com/safer-buffer/-/safer-buffer-2.1.2.tgz#44fa161b0187b9549dd84bb91802f9bd8385cd6a"
  integrity sha512-YZo3K82SD7Riyi0E1EQPojLz7kpepnSQI9IyPbHHg1XXXevb5dJI7tpyN2ADxGcQbHG7vcyRHk0cbwqcQriUtg==

secure-compare@3.0.1:
  version "3.0.1"
  resolved "https://registry.yarnpkg.com/secure-compare/-/secure-compare-3.0.1.tgz#f1a0329b308b221fae37b9974f3d578d0ca999e3"
  integrity sha512-AckIIV90rPDcBcglUwXPF3kg0P0qmPsPXAj6BBEENQE1p5yA1xfmDJzfi1Tappj37Pv2mVbKpL3Z1T+Nn7k1Qw==

side-channel@^1.0.4:
  version "1.0.4"
  resolved "https://registry.yarnpkg.com/side-channel/-/side-channel-1.0.4.tgz#efce5c8fdc104ee751b25c58d4290011fa5ea2cf"
  integrity sha512-q5XPytqFEIKHkGdiMIrY10mvLRvnQh42/+GoBlFW3b2LXLE2xxJpZFdm94we0BaoV3RwJyGqg5wS7epxTv0Zvw==
  dependencies:
    call-bind "^1.0.0"
    get-intrinsic "^1.0.2"
    object-inspect "^1.9.0"

source-map-js@^1.0.2:
  version "1.0.2"
  resolved "https://registry.yarnpkg.com/source-map-js/-/source-map-js-1.0.2.tgz#adbc361d9c62df380125e7f161f71c826f1e490c"
  integrity sha512-R0XvVJ9WusLiqTCEiGCmICCMplcCkIwwR11mOSD9CR5u+IXYdiseeEuXCVAjS54zqwkLcPNnmU4OeJ6tUrWhDw==

sourcemap-codec@^1.4.8:
  version "1.4.8"
  resolved "https://registry.yarnpkg.com/sourcemap-codec/-/sourcemap-codec-1.4.8.tgz#ea804bd94857402e6992d05a38ef1ae35a9ab4c4"
  integrity sha512-9NykojV5Uih4lgo5So5dtw+f0JgJX30KCNI8gwhz2J9A15wD0Ml6tjHKwf6fTSa6fAdVBdZeNOs9eJ71qCk8vA==

supports-color@^7.1.0:
  version "7.2.0"
  resolved "https://registry.yarnpkg.com/supports-color/-/supports-color-7.2.0.tgz#1b7dcdcb32b8138801b3e478ba6a51caa89648da"
  integrity sha512-qpCAvRl9stuOHveKsn7HncJRvv501qIacKzQlO/+Lwxc9+0q2wLyv4Dfvt80/DPn2pqOBsJdDiogXGR9+OvwRw==
  dependencies:
    has-flag "^4.0.0"

supports-preserve-symlinks-flag@^1.0.0:
  version "1.0.0"
  resolved "https://registry.yarnpkg.com/supports-preserve-symlinks-flag/-/supports-preserve-symlinks-flag-1.0.0.tgz#6eda4bd344a3c94aea376d4cc31bc77311039e09"
  integrity sha512-ot0WnXS9fgdkgIcePe6RHNk1WA8+muPa6cSjeR3V8K27q9BB1rTE3R1p7Hv0z1ZyAc8s6Vvv8DIyWf681MAt0w==

typescript@^4.8.4:
  version "4.8.4"
  resolved "https://registry.yarnpkg.com/typescript/-/typescript-4.8.4.tgz#c464abca159669597be5f96b8943500b238e60e6"
  integrity sha512-QCh+85mCy+h0IGff8r5XWzOVSbBO+KfeYrMQh7NJ58QujwcE22u+NUSmUxqF+un70P9GXKxa2HCNiTTMJknyjQ==

union@~0.5.0:
  version "0.5.0"
  resolved "https://registry.yarnpkg.com/union/-/union-0.5.0.tgz#b2c11be84f60538537b846edb9ba266ba0090075"
  integrity sha512-N6uOhuW6zO95P3Mel2I2zMsbsanvvtgn6jVqJv4vbVcz/JN0OkL9suomjQGmWtxJQXOCqUJvquc1sMeNz/IwlA==
  dependencies:
    qs "^6.4.0"

url-join@^4.0.1:
  version "4.0.1"
  resolved "https://registry.yarnpkg.com/url-join/-/url-join-4.0.1.tgz#b642e21a2646808ffa178c4c5fda39844e12cde7"
  integrity sha512-jk1+QP6ZJqyOiuEI9AEWQfju/nB2Pw466kbA0LEZljHwKeMgd9WrAEgEGxjPDD2+TNbbb37rTyhEfrCXfuKXnA==

vite@^3.1.4:
  version "3.1.4"
  resolved "https://registry.yarnpkg.com/vite/-/vite-3.1.4.tgz#b75824b819d8354a6f36e4b988943c7e4947e155"
  integrity sha512-JoQI08aBjY9lycL7jcEq4p9o1xUjq5aRvdH4KWaXtkSx7e7RpAh9D3IjzDWRD4Fg44LS3oDAIOG/Kq1L+82psA==
  dependencies:
    esbuild "^0.15.6"
    postcss "^8.4.16"
    resolve "^1.22.1"
    rollup "~2.78.0"
  optionalDependencies:
    fsevents "~2.3.2"

whatwg-encoding@^2.0.0:
  version "2.0.0"
  resolved "https://registry.yarnpkg.com/whatwg-encoding/-/whatwg-encoding-2.0.0.tgz#e7635f597fd87020858626805a2729fa7698ac53"
  integrity sha512-p41ogyeMUrw3jWclHWTQg1k05DSVXPLcVxRTYsXUk+ZooOCZLcoYgPZ/HL/D/N+uQPOtcp1me1WhBEaX02mhWg==
  dependencies:
    iconv-lite "0.6.3"
